
Microsoft Visual Studio Solution File, Format Version 12.00
# Visual Studio 15
VisualStudioVersion = 15.0.28010.2046
MinimumVisualStudioVersion = 10.0.40219.1
Project("{9A19103F-16F7-4668-BE54-9A1E7A4F7556}") = "mxProject.TokenAuthentication", "mxProject.TokenAuthentication\mxProject.TokenAuthentication.csproj", "{FB6E686E-3E65-40CA-B8A8-3338B9603D27}"
EndProject
Project("{9A19103F-16F7-4668-BE54-9A1E7A4F7556}") = "mxProject.TokenAuthentication.MsJwt", "mxProject.TokenAuthentication.MsJwt\mxProject.TokenAuthentication.MsJwt.csproj", "{156B6B5B-CC0E-4800-8CB0-92CDFC5CA491}"
EndProject
Project("{FAE04EC0-301F-11D3-BF4B-00C04F79EFBC}") = "Test.mxProject.TokenAuthentication.MsJwt", "Test.mxProject.TokenAuthentication.MsJwt\Test.mxProject.TokenAuthentication.MsJwt.csproj", "{EAF71EFA-BC87-424D-87E1-535E264A2EED}"
EndProject
Global
	GlobalSection(SolutionConfigurationPlatforms) = preSolution
		Debug|Any CPU = Debug|Any CPU
		Release|Any CPU = Release|Any CPU
	EndGlobalSection
	GlobalSection(ProjectConfigurationPlatforms) = postSolution
		{FB6E686E-3E65-40CA-B8A8-3338B9603D27}.Debug|Any CPU.ActiveCfg = Debug|Any CPU
		{FB6E686E-3E65-40CA-B8A8-3338B9603D27}.Debug|Any CPU.Build.0 = Debug|Any CPU
		{FB6E686E-3E65-40CA-B8A8-3338B9603D27}.Release|Any CPU.ActiveCfg = Release|Any CPU
		{FB6E686E-3E65-40CA-B8A8-3338B9603D27}.Release|Any CPU.Build.0 = Release|Any CPU
		{156B6B5B-CC0E-4800-8CB0-92CDFC5CA491}.Debug|Any CPU.ActiveCfg = Debug|Any CPU
		{156B6B5B-CC0E-4800-8CB0-92CDFC5CA491}.Debug|Any CPU.Build.0 = Debug|Any CPU
		{156B6B5B-CC0E-4800-8CB0-92CDFC5CA491}.Release|Any CPU.ActiveCfg = Release|Any CPU
		{156B6B5B-CC0E-4800-8CB0-92CDFC5CA491}.Release|Any CPU.Build.0 = Release|Any CPU
		{EAF71EFA-BC87-424D-87E1-535E264A2EED}.Debug|Any CPU.ActiveCfg = Debug|Any CPU
		{EAF71EFA-BC87-424D-87E1-535E264A2EED}.Debug|Any CPU.Build.0 = Debug|Any CPU
		{EAF71EFA-BC87-424D-87E1-535E264A2EED}.Release|Any CPU.ActiveCfg = Release|Any CPU
		{EAF71EFA-BC87-424D-87E1-535E264A2EED}.Release|Any CPU.Build.0 = Release|Any CPU
	EndGlobalSection
	GlobalSection(SolutionProperties) = preSolution
		HideSolutionNode = FALSE
	EndGlobalSection
	GlobalSection(ExtensibilityGlobals) = postSolution
		SolutionGuid = {F2BCE857-180F-4A18-8D6E-699243E82B2B}
	EndGlobalSection
EndGlobal
